
Microsoft Visual Studio Solution File, Format Version 12.00
# Visual Studio Version 17
VisualStudioVersion = 17.11.35222.181
MinimumVisualStudioVersion = 10.0.40219.1
Project("{FAE04EC0-301F-11D3-BF4B-00C04F79EFBC}") = "Schleifen", "Schleifen\Schleifen.csproj", "{EBFC0D17-55AB-4B2F-86D4-B3AE2464B5A3}"
EndProject
Project("{FAE04EC0-301F-11D3-BF4B-00C04F79EFBC}") = "Variablennamen", "Variablennamen\Variablennamen.csproj", "{FE234E98-3AFE-4043-93A4-73D30D72E665}"
EndProject
Project("{FAE04EC0-301F-11D3-BF4B-00C04F79EFBC}") = "NeuesTextatventure", "NeuesTextatventure\NeuesTextatventure.csproj", "{4CFAE4F2-9BF6-46BF-BFF5-D913909778F5}"
EndProject
Project("{FAE04EC0-301F-11D3-BF4B-00C04F79EFBC}") = "KurzAdventure", "KurzAdventure\KurzAdventure.csproj", "{B85A0052-BBCB-4648-99DA-3F14E2CC1313}"
EndProject
Global
	GlobalSection(SolutionConfigurationPlatforms) = preSolution
		Debug|Any CPU = Debug|Any CPU
		Release|Any CPU = Release|Any CPU
	EndGlobalSection
	GlobalSection(ProjectConfigurationPlatforms) = postSolution
		{EBFC0D17-55AB-4B2F-86D4-B3AE2464B5A3}.Debug|Any CPU.ActiveCfg = Debug|Any CPU
		{EBFC0D17-55AB-4B2F-86D4-B3AE2464B5A3}.Debug|Any CPU.Build.0 = Debug|Any CPU
		{EBFC0D17-55AB-4B2F-86D4-B3AE2464B5A3}.Release|Any CPU.ActiveCfg = Release|Any CPU
		{EBFC0D17-55AB-4B2F-86D4-B3AE2464B5A3}.Release|Any CPU.Build.0 = Release|Any CPU
		{FE234E98-3AFE-4043-93A4-73D30D72E665}.Debug|Any CPU.ActiveCfg = Debug|Any CPU
		{FE234E98-3AFE-4043-93A4-73D30D72E665}.Debug|Any CPU.Build.0 = Debug|Any CPU
		{FE234E98-3AFE-4043-93A4-73D30D72E665}.Release|Any CPU.ActiveCfg = Release|Any CPU
		{FE234E98-3AFE-4043-93A4-73D30D72E665}.Release|Any CPU.Build.0 = Release|Any CPU
		{4CFAE4F2-9BF6-46BF-BFF5-D913909778F5}.Debug|Any CPU.ActiveCfg = Debug|Any CPU
		{4CFAE4F2-9BF6-46BF-BFF5-D913909778F5}.Debug|Any CPU.Build.0 = Debug|Any CPU
		{4CFAE4F2-9BF6-46BF-BFF5-D913909778F5}.Release|Any CPU.ActiveCfg = Release|Any CPU
		{4CFAE4F2-9BF6-46BF-BFF5-D913909778F5}.Release|Any CPU.Build.0 = Release|Any CPU
		{B85A0052-BBCB-4648-99DA-3F14E2CC1313}.Debug|Any CPU.ActiveCfg = Debug|Any CPU
		{B85A0052-BBCB-4648-99DA-3F14E2CC1313}.Debug|Any CPU.Build.0 = Debug|Any CPU
		{B85A0052-BBCB-4648-99DA-3F14E2CC1313}.Release|Any CPU.ActiveCfg = Release|Any CPU
		{B85A0052-BBCB-4648-99DA-3F14E2CC1313}.Release|Any CPU.Build.0 = Release|Any CPU
	EndGlobalSection
	GlobalSection(SolutionProperties) = preSolution
		HideSolutionNode = FALSE
	EndGlobalSection
	GlobalSection(ExtensibilityGlobals) = postSolution
		SolutionGuid = {9C0E45BA-00CC-4F2A-89EB-1F0F41FE679F}
	EndGlobalSection
EndGlobal
